
Microsoft Visual Studio Solution File, Format Version 12.00
# Visual Studio Version 16
VisualStudioVersion = 16.0.31727.386
MinimumVisualStudioVersion = 10.0.40219.1
Project("{FAE04EC0-301F-11D3-BF4B-00C04F79EFBC}") = "Trabajoven", "Trabajoven\Trabajoven.csproj", "{C1A2910C-7671-475E-819C-3BB8946C14AE}"
EndProject
Global
	GlobalSection(SolutionConfigurationPlatforms) = preSolution
		Debug|Any CPU = Debug|Any CPU
		Release|Any CPU = Release|Any CPU
	EndGlobalSection
	GlobalSection(ProjectConfigurationPlatforms) = postSolution
		{C1A2910C-7671-475E-819C-3BB8946C14AE}.Debug|Any CPU.ActiveCfg = Debug|Any CPU
		{C1A2910C-7671-475E-819C-3BB8946C14AE}.Debug|Any CPU.Build.0 = Debug|Any CPU
		{C1A2910C-7671-475E-819C-3BB8946C14AE}.Release|Any CPU.ActiveCfg = Release|Any CPU
		{C1A2910C-7671-475E-819C-3BB8946C14AE}.Release|Any CPU.Build.0 = Release|Any CPU
	EndGlobalSection
	GlobalSection(SolutionProperties) = preSolution
		HideSolutionNode = FALSE
	EndGlobalSection
	GlobalSection(ExtensibilityGlobals) = postSolution
		SolutionGuid = {1ED77CD7-1D92-4315-8BC8-7EC39B9F0DA7}
	EndGlobalSection
EndGlobal
